// !$*UTF8*$!
{
	archiveVersion = 1;
	classes = {
	};
	objectVersion = 51;
	objects = {

/* Begin PBXBuildFile section */
		4CD30BB26D95E44DD7F917C8 /* Pods_empresas_iosTests.framework in Frameworks */ = {isa = PBXBuildFile; fileRef = 0D40CAE6ABEEE94238516981 /* Pods_empresas_iosTests.framework */; };
		BF6B82CC270F27490017D1C1 /* Colors.swift in Sources */ = {isa = PBXBuildFile; fileRef = BF6B82CB270F27490017D1C1 /* Colors.swift */; };
		BF6B82D1270F2E680017D1C1 /* TextField.swift in Sources */ = {isa = PBXBuildFile; fileRef = BF6B82D0270F2E680017D1C1 /* TextField.swift */; };
		BF6B82D3270F53930017D1C1 /* Roboto-Medium.ttf in Resources */ = {isa = PBXBuildFile; fileRef = BF6B82D2270F53930017D1C1 /* Roboto-Medium.ttf */; };
		BF6B82D5270F57330017D1C1 /* TextFieldLabel.swift in Sources */ = {isa = PBXBuildFile; fileRef = BF6B82D4270F57330017D1C1 /* TextFieldLabel.swift */; };
		BF6B82D7270F5FB50017D1C1 /* Heebo-Medium.ttf in Resources */ = {isa = PBXBuildFile; fileRef = BF6B82D6270F5FB50017D1C1 /* Heebo-Medium.ttf */; };
		BF6B82D92710A7170017D1C1 /* UIView+Extension.swift in Sources */ = {isa = PBXBuildFile; fileRef = BF6B82D82710A7170017D1C1 /* UIView+Extension.swift */; };
		BF6B839D2710DC1A0017D1C1 /* DomainAssembly.swift in Sources */ = {isa = PBXBuildFile; fileRef = BF6B839C2710DC1A0017D1C1 /* DomainAssembly.swift */; };
		BF79197326FA6BC600D25E74 /* AppDelegate.swift in Sources */ = {isa = PBXBuildFile; fileRef = BF79197226FA6BC600D25E74 /* AppDelegate.swift */; };
		BF79197526FA6BC600D25E74 /* SceneDelegate.swift in Sources */ = {isa = PBXBuildFile; fileRef = BF79197426FA6BC600D25E74 /* SceneDelegate.swift */; };
		BF79197726FA6BC600D25E74 /* LoginViewController.swift in Sources */ = {isa = PBXBuildFile; fileRef = BF79197626FA6BC600D25E74 /* LoginViewController.swift */; };
		BF79197C26FA6BCB00D25E74 /* Assets.xcassets in Resources */ = {isa = PBXBuildFile; fileRef = BF79197B26FA6BCB00D25E74 /* Assets.xcassets */; };
		BF79197F26FA6BCB00D25E74 /* LaunchScreen.storyboard in Resources */ = {isa = PBXBuildFile; fileRef = BF79197D26FA6BCB00D25E74 /* LaunchScreen.storyboard */; };
		BF79198A26FA6BCC00D25E74 /* empresas_iosTests.swift in Sources */ = {isa = PBXBuildFile; fileRef = BF79198926FA6BCC00D25E74 /* empresas_iosTests.swift */; };
		BF79199526FA6BCC00D25E74 /* empresas_iosUITests.swift in Sources */ = {isa = PBXBuildFile; fileRef = BF79199426FA6BCC00D25E74 /* empresas_iosUITests.swift */; };
		BF8015DB2704F04A0029315F /* Coordinator.swift in Sources */ = {isa = PBXBuildFile; fileRef = BF8015DA2704F04A0029315F /* Coordinator.swift */; };
		BF8015DE2704F1700029315F /* LoginViewControllerFactory.swift in Sources */ = {isa = PBXBuildFile; fileRef = BF8015DD2704F1700029315F /* LoginViewControllerFactory.swift */; };
		BF8015F22704FB090029315F /* AppCoordinatorProtocol.swift in Sources */ = {isa = PBXBuildFile; fileRef = BF8015F12704FB090029315F /* AppCoordinatorProtocol.swift */; };
		BF8015F4270500B90029315F /* DependencyInjection.swift in Sources */ = {isa = PBXBuildFile; fileRef = BF8015F3270500B90029315F /* DependencyInjection.swift */; };
		BF801603270B326C0029315F /* LoginView.swift in Sources */ = {isa = PBXBuildFile; fileRef = BF801602270B326C0029315F /* LoginView.swift */; };
		BF801606270B32820029315F /* LoginPresenter.swift in Sources */ = {isa = PBXBuildFile; fileRef = BF801605270B32820029315F /* LoginPresenter.swift */; };
		BF801609270B347B0029315F /* LoginCoordinator.swift in Sources */ = {isa = PBXBuildFile; fileRef = BF801608270B347B0029315F /* LoginCoordinator.swift */; };
		BF80160D270B3A670029315F /* CoordinatorFactory.swift in Sources */ = {isa = PBXBuildFile; fileRef = BF80160C270B3A670029315F /* CoordinatorFactory.swift */; };
		BF801610270B3AAB0029315F /* CoordinatorFactoryProtocol.swift in Sources */ = {isa = PBXBuildFile; fileRef = BF80160F270B3AAB0029315F /* CoordinatorFactoryProtocol.swift */; };
		BF801612270B3D8D0029315F /* CoordinatorAssembly.swift in Sources */ = {isa = PBXBuildFile; fileRef = BF801611270B3D8D0029315F /* CoordinatorAssembly.swift */; };
		BF801614270B3DEE0029315F /* LoginCoordinatorProtocol.swift in Sources */ = {isa = PBXBuildFile; fileRef = BF801613270B3DEE0029315F /* LoginCoordinatorProtocol.swift */; };
		BF801616270B46670029315F /* ViewControllerAssembly.swift in Sources */ = {isa = PBXBuildFile; fileRef = BF801615270B46670029315F /* ViewControllerAssembly.swift */; };
		BF801618270B47670029315F /* LoginViewControllerFactoryProtocol.swift in Sources */ = {isa = PBXBuildFile; fileRef = BF801617270B47670029315F /* LoginViewControllerFactoryProtocol.swift */; };
		BF80161B270B4E7E0029315F /* CoordinatorFactoryAssembly.swift in Sources */ = {isa = PBXBuildFile; fileRef = BF80161A270B4E7E0029315F /* CoordinatorFactoryAssembly.swift */; };
		BF80161D270B6C920029315F /* LoginAssembly.swift in Sources */ = {isa = PBXBuildFile; fileRef = BF80161C270B6C920029315F /* LoginAssembly.swift */; };
		BF80161F270CC5E50029315F /* ImageResources.swift in Sources */ = {isa = PBXBuildFile; fileRef = BF80161E270CC5E50029315F /* ImageResources.swift */; };
		BFE09081270CDEB800A5D8D0 /* Khula-SemiBold.ttf in Resources */ = {isa = PBXBuildFile; fileRef = BFE09080270CDEB400A5D8D0 /* Khula-SemiBold.ttf */; };
		BFE09082270CDEBC00A5D8D0 /* Khula-Bold.ttf in Resources */ = {isa = PBXBuildFile; fileRef = BFE0907F270CDEAD00A5D8D0 /* Khula-Bold.ttf */; };
		BFE09084270CE68400A5D8D0 /* Roboto-Light.ttf in Resources */ = {isa = PBXBuildFile; fileRef = BFE09083270CE68400A5D8D0 /* Roboto-Light.ttf */; };
		BFE83A4227023B43001E8A62 /* AppCoordinator.swift in Sources */ = {isa = PBXBuildFile; fileRef = BFE83A4127023B43001E8A62 /* AppCoordinator.swift */; };
		CB44536EBE39D3374A2FA018 /* Pods_empresas_ios.framework in Frameworks */ = {isa = PBXBuildFile; fileRef = BBA35CD42B1A566A4898A155 /* Pods_empresas_ios.framework */; };
		FCE1709425022AEFC0A6E91D /* Pods_empresas_ios_empresas_iosUITests.framework in Frameworks */ = {isa = PBXBuildFile; fileRef = 8AF0EDF6A9906314F296531B /* Pods_empresas_ios_empresas_iosUITests.framework */; };
/* End PBXBuildFile section */

/* Begin PBXContainerItemProxy section */
		BF79198626FA6BCC00D25E74 /* PBXContainerItemProxy */ = {
			isa = PBXContainerItemProxy;
			containerPortal = BF79196726FA6BC600D25E74 /* Project object */;
			proxyType = 1;
			remoteGlobalIDString = BF79196E26FA6BC600D25E74;
			remoteInfo = "empresas-ios";
		};
		BF79199126FA6BCC00D25E74 /* PBXContainerItemProxy */ = {
			isa = PBXContainerItemProxy;
			containerPortal = BF79196726FA6BC600D25E74 /* Project object */;
			proxyType = 1;
			remoteGlobalIDString = BF79196E26FA6BC600D25E74;
			remoteInfo = "empresas-ios";
		};
/* End PBXContainerItemProxy section */

/* Begin PBXCopyFilesBuildPhase section */
		BFE83A4927023F59001E8A62 /* Embed Frameworks */ = {
			isa = PBXCopyFilesBuildPhase;
			buildActionMask = 2147483647;
			dstPath = "";
			dstSubfolderSpec = 10;
			files = (
			);
			name = "Embed Frameworks";
			runOnlyForDeploymentPostprocessing = 0;
		};
/* End PBXCopyFilesBuildPhase section */

/* Begin PBXFileReference section */
		0D40CAE6ABEEE94238516981 /* Pods_empresas_iosTests.framework */ = {isa = PBXFileReference; explicitFileType = wrapper.framework; includeInIndex = 0; path = Pods_empresas_iosTests.framework; sourceTree = BUILT_PRODUCTS_DIR; };
		24B0219CF0E431A6781471DC /* Pods-empresas-ios.release.xcconfig */ = {isa = PBXFileReference; includeInIndex = 1; lastKnownFileType = text.xcconfig; name = "Pods-empresas-ios.release.xcconfig"; path = "Target Support Files/Pods-empresas-ios/Pods-empresas-ios.release.xcconfig"; sourceTree = "<group>"; };
		2BBF443431952563A592D7B9 /* Pods-empresas-iosTests.debug.xcconfig */ = {isa = PBXFileReference; includeInIndex = 1; lastKnownFileType = text.xcconfig; name = "Pods-empresas-iosTests.debug.xcconfig"; path = "Target Support Files/Pods-empresas-iosTests/Pods-empresas-iosTests.debug.xcconfig"; sourceTree = "<group>"; };
		53902A7A9BDE8DB054D30C29 /* Pods-empresas-ios-empresas-iosUITests.release.xcconfig */ = {isa = PBXFileReference; includeInIndex = 1; lastKnownFileType = text.xcconfig; name = "Pods-empresas-ios-empresas-iosUITests.release.xcconfig"; path = "Target Support Files/Pods-empresas-ios-empresas-iosUITests/Pods-empresas-ios-empresas-iosUITests.release.xcconfig"; sourceTree = "<group>"; };
		5EDE6C883EF4C35F5ED4744A /* Pods-empresas-iosTests.release.xcconfig */ = {isa = PBXFileReference; includeInIndex = 1; lastKnownFileType = text.xcconfig; name = "Pods-empresas-iosTests.release.xcconfig"; path = "Target Support Files/Pods-empresas-iosTests/Pods-empresas-iosTests.release.xcconfig"; sourceTree = "<group>"; };
		68D896692A8A17FB7F745A41 /* Pods-empresas-ios.debug.xcconfig */ = {isa = PBXFileReference; includeInIndex = 1; lastKnownFileType = text.xcconfig; name = "Pods-empresas-ios.debug.xcconfig"; path = "Target Support Files/Pods-empresas-ios/Pods-empresas-ios.debug.xcconfig"; sourceTree = "<group>"; };
		7F2DA8CF439510F0A371BDD0 /* Pods-empresas-ios-empresas-iosUITests.debug.xcconfig */ = {isa = PBXFileReference; includeInIndex = 1; lastKnownFileType = text.xcconfig; name = "Pods-empresas-ios-empresas-iosUITests.debug.xcconfig"; path = "Target Support Files/Pods-empresas-ios-empresas-iosUITests/Pods-empresas-ios-empresas-iosUITests.debug.xcconfig"; sourceTree = "<group>"; };
		8AF0EDF6A9906314F296531B /* Pods_empresas_ios_empresas_iosUITests.framework */ = {isa = PBXFileReference; explicitFileType = wrapper.framework; includeInIndex = 0; path = Pods_empresas_ios_empresas_iosUITests.framework; sourceTree = BUILT_PRODUCTS_DIR; };
		BBA35CD42B1A566A4898A155 /* Pods_empresas_ios.framework */ = {isa = PBXFileReference; explicitFileType = wrapper.framework; includeInIndex = 0; path = Pods_empresas_ios.framework; sourceTree = BUILT_PRODUCTS_DIR; };
		BF6B82CB270F27490017D1C1 /* Colors.swift */ = {isa = PBXFileReference; lastKnownFileType = sourcecode.swift; path = Colors.swift; sourceTree = "<group>"; };
		BF6B82D0270F2E680017D1C1 /* TextField.swift */ = {isa = PBXFileReference; lastKnownFileType = sourcecode.swift; path = TextField.swift; sourceTree = "<group>"; };
		BF6B82D2270F53930017D1C1 /* Roboto-Medium.ttf */ = {isa = PBXFileReference; lastKnownFileType = file; path = "Roboto-Medium.ttf"; sourceTree = "<group>"; };
		BF6B82D4270F57330017D1C1 /* TextFieldLabel.swift */ = {isa = PBXFileReference; lastKnownFileType = sourcecode.swift; path = TextFieldLabel.swift; sourceTree = "<group>"; };
		BF6B82D6270F5FB50017D1C1 /* Heebo-Medium.ttf */ = {isa = PBXFileReference; lastKnownFileType = file; path = "Heebo-Medium.ttf"; sourceTree = "<group>"; };
		BF6B82D82710A7170017D1C1 /* UIView+Extension.swift */ = {isa = PBXFileReference; lastKnownFileType = sourcecode.swift; path = "UIView+Extension.swift"; sourceTree = "<group>"; };
		BF6B839C2710DC1A0017D1C1 /* DomainAssembly.swift */ = {isa = PBXFileReference; lastKnownFileType = sourcecode.swift; name = DomainAssembly.swift; path = "empresas-ios/DependencyInjection/DomainAssembly.swift"; sourceTree = SOURCE_ROOT; };
		BF79196F26FA6BC600D25E74 /* empresas-ios.app */ = {isa = PBXFileReference; explicitFileType = wrapper.application; includeInIndex = 0; path = "empresas-ios.app"; sourceTree = BUILT_PRODUCTS_DIR; };
		BF79197226FA6BC600D25E74 /* AppDelegate.swift */ = {isa = PBXFileReference; lastKnownFileType = sourcecode.swift; path = AppDelegate.swift; sourceTree = "<group>"; };
		BF79197426FA6BC600D25E74 /* SceneDelegate.swift */ = {isa = PBXFileReference; lastKnownFileType = sourcecode.swift; path = SceneDelegate.swift; sourceTree = "<group>"; };
		BF79197626FA6BC600D25E74 /* LoginViewController.swift */ = {isa = PBXFileReference; lastKnownFileType = sourcecode.swift; path = LoginViewController.swift; sourceTree = "<group>"; };
		BF79197B26FA6BCB00D25E74 /* Assets.xcassets */ = {isa = PBXFileReference; lastKnownFileType = folder.assetcatalog; path = Assets.xcassets; sourceTree = "<group>"; };
		BF79197E26FA6BCB00D25E74 /* Base */ = {isa = PBXFileReference; lastKnownFileType = file.storyboard; name = Base; path = Base.lproj/LaunchScreen.storyboard; sourceTree = "<group>"; };
		BF79198026FA6BCB00D25E74 /* Info.plist */ = {isa = PBXFileReference; lastKnownFileType = text.plist.xml; path = Info.plist; sourceTree = "<group>"; };
		BF79198526FA6BCC00D25E74 /* empresas-iosTests.xctest */ = {isa = PBXFileReference; explicitFileType = wrapper.cfbundle; includeInIndex = 0; path = "empresas-iosTests.xctest"; sourceTree = BUILT_PRODUCTS_DIR; };
		BF79198926FA6BCC00D25E74 /* empresas_iosTests.swift */ = {isa = PBXFileReference; lastKnownFileType = sourcecode.swift; path = empresas_iosTests.swift; sourceTree = "<group>"; };
		BF79198B26FA6BCC00D25E74 /* Info.plist */ = {isa = PBXFileReference; lastKnownFileType = text.plist.xml; path = Info.plist; sourceTree = "<group>"; };
		BF79199026FA6BCC00D25E74 /* empresas-iosUITests.xctest */ = {isa = PBXFileReference; explicitFileType = wrapper.cfbundle; includeInIndex = 0; path = "empresas-iosUITests.xctest"; sourceTree = BUILT_PRODUCTS_DIR; };
		BF79199426FA6BCC00D25E74 /* empresas_iosUITests.swift */ = {isa = PBXFileReference; lastKnownFileType = sourcecode.swift; path = empresas_iosUITests.swift; sourceTree = "<group>"; };
		BF79199626FA6BCC00D25E74 /* Info.plist */ = {isa = PBXFileReference; lastKnownFileType = text.plist.xml; path = Info.plist; sourceTree = "<group>"; };
		BF8015DA2704F04A0029315F /* Coordinator.swift */ = {isa = PBXFileReference; lastKnownFileType = sourcecode.swift; path = Coordinator.swift; sourceTree = "<group>"; };
		BF8015DD2704F1700029315F /* LoginViewControllerFactory.swift */ = {isa = PBXFileReference; lastKnownFileType = sourcecode.swift; path = LoginViewControllerFactory.swift; sourceTree = "<group>"; };
		BF8015F12704FB090029315F /* AppCoordinatorProtocol.swift */ = {isa = PBXFileReference; lastKnownFileType = sourcecode.swift; path = AppCoordinatorProtocol.swift; sourceTree = "<group>"; };
		BF8015F3270500B90029315F /* DependencyInjection.swift */ = {isa = PBXFileReference; lastKnownFileType = sourcecode.swift; path = DependencyInjection.swift; sourceTree = "<group>"; };
		BF801602270B326C0029315F /* LoginView.swift */ = {isa = PBXFileReference; lastKnownFileType = sourcecode.swift; path = LoginView.swift; sourceTree = "<group>"; };
		BF801605270B32820029315F /* LoginPresenter.swift */ = {isa = PBXFileReference; lastKnownFileType = sourcecode.swift; path = LoginPresenter.swift; sourceTree = "<group>"; };
		BF801608270B347B0029315F /* LoginCoordinator.swift */ = {isa = PBXFileReference; lastKnownFileType = sourcecode.swift; path = LoginCoordinator.swift; sourceTree = "<group>"; };
		BF80160C270B3A670029315F /* CoordinatorFactory.swift */ = {isa = PBXFileReference; lastKnownFileType = sourcecode.swift; path = CoordinatorFactory.swift; sourceTree = "<group>"; };
		BF80160F270B3AAB0029315F /* CoordinatorFactoryProtocol.swift */ = {isa = PBXFileReference; lastKnownFileType = sourcecode.swift; path = CoordinatorFactoryProtocol.swift; sourceTree = "<group>"; };
		BF801611270B3D8D0029315F /* CoordinatorAssembly.swift */ = {isa = PBXFileReference; lastKnownFileType = sourcecode.swift; path = CoordinatorAssembly.swift; sourceTree = "<group>"; };
		BF801613270B3DEE0029315F /* LoginCoordinatorProtocol.swift */ = {isa = PBXFileReference; lastKnownFileType = sourcecode.swift; path = LoginCoordinatorProtocol.swift; sourceTree = "<group>"; };
		BF801615270B46670029315F /* ViewControllerAssembly.swift */ = {isa = PBXFileReference; lastKnownFileType = sourcecode.swift; path = ViewControllerAssembly.swift; sourceTree = "<group>"; };
		BF801617270B47670029315F /* LoginViewControllerFactoryProtocol.swift */ = {isa = PBXFileReference; lastKnownFileType = sourcecode.swift; path = LoginViewControllerFactoryProtocol.swift; sourceTree = "<group>"; };
		BF80161A270B4E7E0029315F /* CoordinatorFactoryAssembly.swift */ = {isa = PBXFileReference; lastKnownFileType = sourcecode.swift; path = CoordinatorFactoryAssembly.swift; sourceTree = "<group>"; };
		BF80161C270B6C920029315F /* LoginAssembly.swift */ = {isa = PBXFileReference; lastKnownFileType = sourcecode.swift; path = LoginAssembly.swift; sourceTree = "<group>"; };
		BF80161E270CC5E50029315F /* ImageResources.swift */ = {isa = PBXFileReference; lastKnownFileType = sourcecode.swift; path = ImageResources.swift; sourceTree = "<group>"; };
		BFE0907F270CDEAD00A5D8D0 /* Khula-Bold.ttf */ = {isa = PBXFileReference; lastKnownFileType = file; path = "Khula-Bold.ttf"; sourceTree = "<group>"; };
		BFE09080270CDEB400A5D8D0 /* Khula-SemiBold.ttf */ = {isa = PBXFileReference; lastKnownFileType = file; path = "Khula-SemiBold.ttf"; sourceTree = "<group>"; };
		BFE09083270CE68400A5D8D0 /* Roboto-Light.ttf */ = {isa = PBXFileReference; lastKnownFileType = file; path = "Roboto-Light.ttf"; sourceTree = "<group>"; };
		BFE83A4127023B43001E8A62 /* AppCoordinator.swift */ = {isa = PBXFileReference; lastKnownFileType = sourcecode.swift; path = AppCoordinator.swift; sourceTree = "<group>"; };
/* End PBXFileReference section */

/* Begin PBXFrameworksBuildPhase section */
		BF79196C26FA6BC600D25E74 /* Frameworks */ = {
			isa = PBXFrameworksBuildPhase;
			buildActionMask = 2147483647;
			files = (
				CB44536EBE39D3374A2FA018 /* Pods_empresas_ios.framework in Frameworks */,
			);
			runOnlyForDeploymentPostprocessing = 0;
		};
		BF79198226FA6BCC00D25E74 /* Frameworks */ = {
			isa = PBXFrameworksBuildPhase;
			buildActionMask = 2147483647;
			files = (
				4CD30BB26D95E44DD7F917C8 /* Pods_empresas_iosTests.framework in Frameworks */,
			);
			runOnlyForDeploymentPostprocessing = 0;
		};
		BF79198D26FA6BCC00D25E74 /* Frameworks */ = {
			isa = PBXFrameworksBuildPhase;
			buildActionMask = 2147483647;
			files = (
				FCE1709425022AEFC0A6E91D /* Pods_empresas_ios_empresas_iosUITests.framework in Frameworks */,
			);
			runOnlyForDeploymentPostprocessing = 0;
		};
/* End PBXFrameworksBuildPhase section */

/* Begin PBXGroup section */
		BF6B82CF270F2E5B0017D1C1 /* Helpers */ = {
			isa = PBXGroup;
			children = (
				BF6B82D0270F2E680017D1C1 /* TextField.swift */,
				BF6B82D4270F57330017D1C1 /* TextFieldLabel.swift */,
			);
			path = Helpers;
			sourceTree = "<group>";
		};
		BF79196626FA6BC600D25E74 = {
			isa = PBXGroup;
			children = (
				BF79197126FA6BC600D25E74 /* empresas-ios */,
				BF79198826FA6BCC00D25E74 /* empresas-iosTests */,
				BF79199326FA6BCC00D25E74 /* empresas-iosUITests */,
				BF79197026FA6BC600D25E74 /* Products */,
				BF8015E42704F7E40029315F /* Frameworks */,
				F36B7C7164BFB60891F82417 /* Pods */,
			);
			sourceTree = "<group>";
		};
		BF79197026FA6BC600D25E74 /* Products */ = {
			isa = PBXGroup;
			children = (
				BF79196F26FA6BC600D25E74 /* empresas-ios.app */,
				BF79198526FA6BCC00D25E74 /* empresas-iosTests.xctest */,
				BF79199026FA6BCC00D25E74 /* empresas-iosUITests.xctest */,
			);
			name = Products;
			sourceTree = "<group>";
		};
		BF79197126FA6BC600D25E74 /* empresas-ios */ = {
			isa = PBXGroup;
			children = (
				BF6B82CF270F2E5B0017D1C1 /* Helpers */,
				BFE09085270DC83300A5D8D0 /* Extensions */,
				BFE0907E270CDEA100A5D8D0 /* Fonts */,
				BF8015FF270B32340029315F /* Scenes */,
				BF8015E02704F34E0029315F /* DependencyInjection */,
				BF8015DF2704F2160029315F /* Controllers */,
				BFE83A4027023B2B001E8A62 /* Coordinators */,
				BF79197226FA6BC600D25E74 /* AppDelegate.swift */,
				BF79197426FA6BC600D25E74 /* SceneDelegate.swift */,
				BF79197B26FA6BCB00D25E74 /* Assets.xcassets */,
				BF79197D26FA6BCB00D25E74 /* LaunchScreen.storyboard */,
				BF79198026FA6BCB00D25E74 /* Info.plist */,
				BF80161E270CC5E50029315F /* ImageResources.swift */,
				BF6B82CB270F27490017D1C1 /* Colors.swift */,
			);
			path = "empresas-ios";
			sourceTree = "<group>";
		};
		BF79198826FA6BCC00D25E74 /* empresas-iosTests */ = {
			isa = PBXGroup;
			children = (
				BF79198926FA6BCC00D25E74 /* empresas_iosTests.swift */,
				BF79198B26FA6BCC00D25E74 /* Info.plist */,
			);
			path = "empresas-iosTests";
			sourceTree = "<group>";
		};
		BF79199326FA6BCC00D25E74 /* empresas-iosUITests */ = {
			isa = PBXGroup;
			children = (
				BF79199426FA6BCC00D25E74 /* empresas_iosUITests.swift */,
				BF79199626FA6BCC00D25E74 /* Info.plist */,
			);
			path = "empresas-iosUITests";
			sourceTree = "<group>";
		};
		BF8015DC2704F14E0029315F /* Factories */ = {
			isa = PBXGroup;
			children = (
				BF80160E270B3A860029315F /* ViewControllersFactory */,
				BF80160B270B3A4C0029315F /* CoordinatorFactory */,
			);
			path = Factories;
			sourceTree = "<group>";
		};
		BF8015DF2704F2160029315F /* Controllers */ = {
			isa = PBXGroup;
			children = (
				BF79197626FA6BC600D25E74 /* LoginViewController.swift */,
			);
			path = Controllers;
			sourceTree = "<group>";
		};
		BF8015E02704F34E0029315F /* DependencyInjection */ = {
			isa = PBXGroup;
			children = (
				BF8015DC2704F14E0029315F /* Factories */,
				BF8015F3270500B90029315F /* DependencyInjection.swift */,
				BF801611270B3D8D0029315F /* CoordinatorAssembly.swift */,
				BF801615270B46670029315F /* ViewControllerAssembly.swift */,
				BF80161A270B4E7E0029315F /* CoordinatorFactoryAssembly.swift */,
				BF80161C270B6C920029315F /* LoginAssembly.swift */,
				BF6B839C2710DC1A0017D1C1 /* DomainAssembly.swift */,
			);
			path = DependencyInjection;
			sourceTree = "<group>";
		};
		BF8015E42704F7E40029315F /* Frameworks */ = {
			isa = PBXGroup;
			children = (
				BBA35CD42B1A566A4898A155 /* Pods_empresas_ios.framework */,
				8AF0EDF6A9906314F296531B /* Pods_empresas_ios_empresas_iosUITests.framework */,
				0D40CAE6ABEEE94238516981 /* Pods_empresas_iosTests.framework */,
			);
			name = Frameworks;
			sourceTree = "<group>";
		};
		BF8015F02704FAF50029315F /* AppCoordinator */ = {
			isa = PBXGroup;
			children = (
				BFE83A4127023B43001E8A62 /* AppCoordinator.swift */,
				BF8015F12704FB090029315F /* AppCoordinatorProtocol.swift */,
			);
			path = AppCoordinator;
			sourceTree = "<group>";
		};
		BF8015FF270B32340029315F /* Scenes */ = {
			isa = PBXGroup;
			children = (
				BF801600270B32440029315F /* Login */,
			);
			path = Scenes;
			sourceTree = "<group>";
		};
		BF801600270B32440029315F /* Login */ = {
			isa = PBXGroup;
			children = (
				BF801601270B32590029315F /* Views */,
				BF801605270B32820029315F /* LoginPresenter.swift */,
			);
			path = Login;
			sourceTree = "<group>";
		};
		BF801601270B32590029315F /* Views */ = {
			isa = PBXGroup;
			children = (
				BF801602270B326C0029315F /* LoginView.swift */,
			);
			path = Views;
			sourceTree = "<group>";
		};
		BF801607270B34690029315F /* Login */ = {
			isa = PBXGroup;
			children = (
				BF801608270B347B0029315F /* LoginCoordinator.swift */,
				BF801613270B3DEE0029315F /* LoginCoordinatorProtocol.swift */,
			);
			path = Login;
			sourceTree = "<group>";
		};
		BF80160B270B3A4C0029315F /* CoordinatorFactory */ = {
			isa = PBXGroup;
			children = (
				BF80160C270B3A670029315F /* CoordinatorFactory.swift */,
				BF80160F270B3AAB0029315F /* CoordinatorFactoryProtocol.swift */,
			);
			path = CoordinatorFactory;
			sourceTree = "<group>";
		};
		BF80160E270B3A860029315F /* ViewControllersFactory */ = {
			isa = PBXGroup;
			children = (
				BF801619270B49900029315F /* Login */,
			);
			path = ViewControllersFactory;
			sourceTree = "<group>";
		};
		BF801619270B49900029315F /* Login */ = {
			isa = PBXGroup;
			children = (
				BF8015DD2704F1700029315F /* LoginViewControllerFactory.swift */,
				BF801617270B47670029315F /* LoginViewControllerFactoryProtocol.swift */,
			);
			path = Login;
			sourceTree = "<group>";
		};
		BFE0907E270CDEA100A5D8D0 /* Fonts */ = {
			isa = PBXGroup;
			children = (
				BF6B82D6270F5FB50017D1C1 /* Heebo-Medium.ttf */,
				BFE09080270CDEB400A5D8D0 /* Khula-SemiBold.ttf */,
				BFE0907F270CDEAD00A5D8D0 /* Khula-Bold.ttf */,
				BFE09083270CE68400A5D8D0 /* Roboto-Light.ttf */,
				BF6B82D2270F53930017D1C1 /* Roboto-Medium.ttf */,
			);
			path = Fonts;
			sourceTree = "<group>";
		};
		BFE09085270DC83300A5D8D0 /* Extensions */ = {
			isa = PBXGroup;
			children = (
				BF6B82D82710A7170017D1C1 /* UIView+Extension.swift */,
			);
			path = Extensions;
			sourceTree = "<group>";
		};
		BFE83A4027023B2B001E8A62 /* Coordinators */ = {
			isa = PBXGroup;
			children = (
				BF801607270B34690029315F /* Login */,
				BF8015F02704FAF50029315F /* AppCoordinator */,
				BF8015DA2704F04A0029315F /* Coordinator.swift */,
			);
			path = Coordinators;
			sourceTree = "<group>";
		};
		F36B7C7164BFB60891F82417 /* Pods */ = {
			isa = PBXGroup;
			children = (
				68D896692A8A17FB7F745A41 /* Pods-empresas-ios.debug.xcconfig */,
				24B0219CF0E431A6781471DC /* Pods-empresas-ios.release.xcconfig */,
				7F2DA8CF439510F0A371BDD0 /* Pods-empresas-ios-empresas-iosUITests.debug.xcconfig */,
				53902A7A9BDE8DB054D30C29 /* Pods-empresas-ios-empresas-iosUITests.release.xcconfig */,
				2BBF443431952563A592D7B9 /* Pods-empresas-iosTests.debug.xcconfig */,
				5EDE6C883EF4C35F5ED4744A /* Pods-empresas-iosTests.release.xcconfig */,
			);
			path = Pods;
			sourceTree = "<group>";
		};
/* End PBXGroup section */

/* Begin PBXNativeTarget section */
		BF79196E26FA6BC600D25E74 /* empresas-ios */ = {
			isa = PBXNativeTarget;
			buildConfigurationList = BF79199926FA6BCC00D25E74 /* Build configuration list for PBXNativeTarget "empresas-ios" */;
			buildPhases = (
				906EBFAC5A4D38CB9D6AD4DE /* [CP] Check Pods Manifest.lock */,
				BF79196B26FA6BC600D25E74 /* Sources */,
				BF79196C26FA6BC600D25E74 /* Frameworks */,
				BF79196D26FA6BC600D25E74 /* Resources */,
				BFE83A4927023F59001E8A62 /* Embed Frameworks */,
				AF3A13157852E2274391751A /* [CP] Embed Pods Frameworks */,
			);
			buildRules = (
			);
			dependencies = (
			);
			name = "empresas-ios";
			productName = "empresas-ios";
			productReference = BF79196F26FA6BC600D25E74 /* empresas-ios.app */;
			productType = "com.apple.product-type.application";
		};
		BF79198426FA6BCC00D25E74 /* empresas-iosTests */ = {
			isa = PBXNativeTarget;
			buildConfigurationList = BF79199C26FA6BCC00D25E74 /* Build configuration list for PBXNativeTarget "empresas-iosTests" */;
			buildPhases = (
				ECBFB941BEFA36ECF0860D40 /* [CP] Check Pods Manifest.lock */,
				BF79198126FA6BCC00D25E74 /* Sources */,
				BF79198226FA6BCC00D25E74 /* Frameworks */,
				BF79198326FA6BCC00D25E74 /* Resources */,
			);
			buildRules = (
			);
			dependencies = (
				BF79198726FA6BCC00D25E74 /* PBXTargetDependency */,
			);
			name = "empresas-iosTests";
			productName = "empresas-iosTests";
			productReference = BF79198526FA6BCC00D25E74 /* empresas-iosTests.xctest */;
			productType = "com.apple.product-type.bundle.unit-test";
		};
		BF79198F26FA6BCC00D25E74 /* empresas-iosUITests */ = {
			isa = PBXNativeTarget;
			buildConfigurationList = BF79199F26FA6BCC00D25E74 /* Build configuration list for PBXNativeTarget "empresas-iosUITests" */;
			buildPhases = (
				DFE24BCE877F3A67A695FE14 /* [CP] Check Pods Manifest.lock */,
				BF79198C26FA6BCC00D25E74 /* Sources */,
				BF79198D26FA6BCC00D25E74 /* Frameworks */,
				BF79198E26FA6BCC00D25E74 /* Resources */,
				466A51DEE07B479A87D287E4 /* [CP] Embed Pods Frameworks */,
			);
			buildRules = (
			);
			dependencies = (
				BF79199226FA6BCC00D25E74 /* PBXTargetDependency */,
			);
			name = "empresas-iosUITests";
			productName = "empresas-iosUITests";
			productReference = BF79199026FA6BCC00D25E74 /* empresas-iosUITests.xctest */;
			productType = "com.apple.product-type.bundle.ui-testing";
		};
/* End PBXNativeTarget section */

/* Begin PBXProject section */
		BF79196726FA6BC600D25E74 /* Project object */ = {
			isa = PBXProject;
			attributes = {
				LastSwiftUpdateCheck = 1250;
				LastUpgradeCheck = 1250;
				TargetAttributes = {
					BF79196E26FA6BC600D25E74 = {
						CreatedOnToolsVersion = 12.5;
					};
					BF79198426FA6BCC00D25E74 = {
						CreatedOnToolsVersion = 12.5;
						TestTargetID = BF79196E26FA6BC600D25E74;
					};
					BF79198F26FA6BCC00D25E74 = {
						CreatedOnToolsVersion = 12.5;
						TestTargetID = BF79196E26FA6BC600D25E74;
					};
				};
			};
			buildConfigurationList = BF79196A26FA6BC600D25E74 /* Build configuration list for PBXProject "empresas-ios" */;
			compatibilityVersion = "Xcode 9.3";
			developmentRegion = en;
			hasScannedForEncodings = 0;
			knownRegions = (
				en,
				Base,
			);
			mainGroup = BF79196626FA6BC600D25E74;
			productRefGroup = BF79197026FA6BC600D25E74 /* Products */;
			projectDirPath = "";
			projectRoot = "";
			targets = (
				BF79196E26FA6BC600D25E74 /* empresas-ios */,
				BF79198426FA6BCC00D25E74 /* empresas-iosTests */,
				BF79198F26FA6BCC00D25E74 /* empresas-iosUITests */,
			);
		};
/* End PBXProject section */

/* Begin PBXResourcesBuildPhase section */
		BF79196D26FA6BC600D25E74 /* Resources */ = {
			isa = PBXResourcesBuildPhase;
			buildActionMask = 2147483647;
			files = (
				BF6B82D7270F5FB50017D1C1 /* Heebo-Medium.ttf in Resources */,
				BFE09081270CDEB800A5D8D0 /* Khula-SemiBold.ttf in Resources */,
				BFE09082270CDEBC00A5D8D0 /* Khula-Bold.ttf in Resources */,
				BF6B82D3270F53930017D1C1 /* Roboto-Medium.ttf in Resources */,
				BFE09084270CE68400A5D8D0 /* Roboto-Light.ttf in Resources */,
				BF79197F26FA6BCB00D25E74 /* LaunchScreen.storyboard in Resources */,
				BF79197C26FA6BCB00D25E74 /* Assets.xcassets in Resources */,
			);
			runOnlyForDeploymentPostprocessing = 0;
		};
		BF79198326FA6BCC00D25E74 /* Resources */ = {
			isa = PBXResourcesBuildPhase;
			buildActionMask = 2147483647;
			files = (
			);
			runOnlyForDeploymentPostprocessing = 0;
		};
		BF79198E26FA6BCC00D25E74 /* Resources */ = {
			isa = PBXResourcesBuildPhase;
			buildActionMask = 2147483647;
			files = (
			);
			runOnlyForDeploymentPostprocessing = 0;
		};
/* End PBXResourcesBuildPhase section */

/* Begin PBXShellScriptBuildPhase section */
		466A51DEE07B479A87D287E4 /* [CP] Embed Pods Frameworks */ = {
			isa = PBXShellScriptBuildPhase;
			buildActionMask = 2147483647;
			files = (
			);
			inputFileListPaths = (
				"${PODS_ROOT}/Target Support Files/Pods-empresas-ios-empresas-iosUITests/Pods-empresas-ios-empresas-iosUITests-frameworks-${CONFIGURATION}-input-files.xcfilelist",
			);
			name = "[CP] Embed Pods Frameworks";
			outputFileListPaths = (
				"${PODS_ROOT}/Target Support Files/Pods-empresas-ios-empresas-iosUITests/Pods-empresas-ios-empresas-iosUITests-frameworks-${CONFIGURATION}-output-files.xcfilelist",
			);
			runOnlyForDeploymentPostprocessing = 0;
			shellPath = /bin/sh;
			shellScript = "\"${PODS_ROOT}/Target Support Files/Pods-empresas-ios-empresas-iosUITests/Pods-empresas-ios-empresas-iosUITests-frameworks.sh\"\n";
			showEnvVarsInLog = 0;
		};
		906EBFAC5A4D38CB9D6AD4DE /* [CP] Check Pods Manifest.lock */ = {
			isa = PBXShellScriptBuildPhase;
			buildActionMask = 2147483647;
			files = (
			);
			inputFileListPaths = (
			);
			inputPaths = (
				"${PODS_PODFILE_DIR_PATH}/Podfile.lock",
				"${PODS_ROOT}/Manifest.lock",
			);
			name = "[CP] Check Pods Manifest.lock";
			outputFileListPaths = (
			);
			outputPaths = (
				"$(DERIVED_FILE_DIR)/Pods-empresas-ios-checkManifestLockResult.txt",
			);
			runOnlyForDeploymentPostprocessing = 0;
			shellPath = /bin/sh;
			shellScript = "diff \"${PODS_PODFILE_DIR_PATH}/Podfile.lock\" \"${PODS_ROOT}/Manifest.lock\" > /dev/null\nif [ $? != 0 ] ; then\n    # print error to STDERR\n    echo \"error: The sandbox is not in sync with the Podfile.lock. Run 'pod install' or update your CocoaPods installation.\" >&2\n    exit 1\nfi\n# This output is used by Xcode 'outputs' to avoid re-running this script phase.\necho \"SUCCESS\" > \"${SCRIPT_OUTPUT_FILE_0}\"\n";
			showEnvVarsInLog = 0;
		};
		AF3A13157852E2274391751A /* [CP] Embed Pods Frameworks */ = {
			isa = PBXShellScriptBuildPhase;
			buildActionMask = 2147483647;
			files = (
			);
			inputFileListPaths = (
				"${PODS_ROOT}/Target Support Files/Pods-empresas-ios/Pods-empresas-ios-frameworks-${CONFIGURATION}-input-files.xcfilelist",
			);
			name = "[CP] Embed Pods Frameworks";
			outputFileListPaths = (
				"${PODS_ROOT}/Target Support Files/Pods-empresas-ios/Pods-empresas-ios-frameworks-${CONFIGURATION}-output-files.xcfilelist",
			);
			runOnlyForDeploymentPostprocessing = 0;
			shellPath = /bin/sh;
			shellScript = "\"${PODS_ROOT}/Target Support Files/Pods-empresas-ios/Pods-empresas-ios-frameworks.sh\"\n";
			showEnvVarsInLog = 0;
		};
		DFE24BCE877F3A67A695FE14 /* [CP] Check Pods Manifest.lock */ = {
			isa = PBXShellScriptBuildPhase;
			buildActionMask = 2147483647;
			files = (
			);
			inputFileListPaths = (
			);
			inputPaths = (
				"${PODS_PODFILE_DIR_PATH}/Podfile.lock",
				"${PODS_ROOT}/Manifest.lock",
			);
			name = "[CP] Check Pods Manifest.lock";
			outputFileListPaths = (
			);
			outputPaths = (
				"$(DERIVED_FILE_DIR)/Pods-empresas-ios-empresas-iosUITests-checkManifestLockResult.txt",
			);
			runOnlyForDeploymentPostprocessing = 0;
			shellPath = /bin/sh;
			shellScript = "diff \"${PODS_PODFILE_DIR_PATH}/Podfile.lock\" \"${PODS_ROOT}/Manifest.lock\" > /dev/null\nif [ $? != 0 ] ; then\n    # print error to STDERR\n    echo \"error: The sandbox is not in sync with the Podfile.lock. Run 'pod install' or update your CocoaPods installation.\" >&2\n    exit 1\nfi\n# This output is used by Xcode 'outputs' to avoid re-running this script phase.\necho \"SUCCESS\" > \"${SCRIPT_OUTPUT_FILE_0}\"\n";
			showEnvVarsInLog = 0;
		};
		ECBFB941BEFA36ECF0860D40 /* [CP] Check Pods Manifest.lock */ = {
			isa = PBXShellScriptBuildPhase;
			buildActionMask = 2147483647;
			files = (
			);
			inputFileListPaths = (
			);
			inputPaths = (
				"${PODS_PODFILE_DIR_PATH}/Podfile.lock",
				"${PODS_ROOT}/Manifest.lock",
			);
			name = "[CP] Check Pods Manifest.lock";
			outputFileListPaths = (
			);
			outputPaths = (
				"$(DERIVED_FILE_DIR)/Pods-empresas-iosTests-checkManifestLockResult.txt",
			);
			runOnlyForDeploymentPostprocessing = 0;
			shellPath = /bin/sh;
			shellScript = "diff \"${PODS_PODFILE_DIR_PATH}/Podfile.lock\" \"${PODS_ROOT}/Manifest.lock\" > /dev/null\nif [ $? != 0 ] ; then\n    # print error to STDERR\n    echo \"error: The sandbox is not in sync with the Podfile.lock. Run 'pod install' or update your CocoaPods installation.\" >&2\n    exit 1\nfi\n# This output is used by Xcode 'outputs' to avoid re-running this script phase.\necho \"SUCCESS\" > \"${SCRIPT_OUTPUT_FILE_0}\"\n";
			showEnvVarsInLog = 0;
		};
/* End PBXShellScriptBuildPhase section */

/* Begin PBXSourcesBuildPhase section */
		BF79196B26FA6BC600D25E74 /* Sources */ = {
			isa = PBXSourcesBuildPhase;
			buildActionMask = 2147483647;
			files = (
				BF6B839D2710DC1A0017D1C1 /* DomainAssembly.swift in Sources */,
				BF8015DE2704F1700029315F /* LoginViewControllerFactory.swift in Sources */,
				BF6B82CC270F27490017D1C1 /* Colors.swift in Sources */,
				BF6B82D1270F2E680017D1C1 /* TextField.swift in Sources */,
				BFE83A4227023B43001E8A62 /* AppCoordinator.swift in Sources */,
				BF79197726FA6BC600D25E74 /* LoginViewController.swift in Sources */,
				BF8015DB2704F04A0029315F /* Coordinator.swift in Sources */,
				BF801606270B32820029315F /* LoginPresenter.swift in Sources */,
				BF6B82D5270F57330017D1C1 /* TextFieldLabel.swift in Sources */,
				BF79197326FA6BC600D25E74 /* AppDelegate.swift in Sources */,
				BF80161B270B4E7E0029315F /* CoordinatorFactoryAssembly.swift in Sources */,
				BF801616270B46670029315F /* ViewControllerAssembly.swift in Sources */,
				BF80160D270B3A670029315F /* CoordinatorFactory.swift in Sources */,
				BF80161F270CC5E50029315F /* ImageResources.swift in Sources */,
				BF6B82D92710A7170017D1C1 /* UIView+Extension.swift in Sources */,
				BF801618270B47670029315F /* LoginViewControllerFactoryProtocol.swift in Sources */,
				BF801609270B347B0029315F /* LoginCoordinator.swift in Sources */,
				BF80161D270B6C920029315F /* LoginAssembly.swift in Sources */,
				BF801614270B3DEE0029315F /* LoginCoordinatorProtocol.swift in Sources */,
				BF8015F4270500B90029315F /* DependencyInjection.swift in Sources */,
				BF801610270B3AAB0029315F /* CoordinatorFactoryProtocol.swift in Sources */,
				BF8015F22704FB090029315F /* AppCoordinatorProtocol.swift in Sources */,
				BF801612270B3D8D0029315F /* CoordinatorAssembly.swift in Sources */,
				BF801603270B326C0029315F /* LoginView.swift in Sources */,
				BF79197526FA6BC600D25E74 /* SceneDelegate.swift in Sources */,
			);
			runOnlyForDeploymentPostprocessing = 0;
		};
		BF79198126FA6BCC00D25E74 /* Sources */ = {
			isa = PBXSourcesBuildPhase;
			buildActionMask = 2147483647;
			files = (
				BF79198A26FA6BCC00D25E74 /* empresas_iosTests.swift in Sources */,
			);
			runOnlyForDeploymentPostprocessing = 0;
		};
		BF79198C26FA6BCC00D25E74 /* Sources */ = {
			isa = PBXSourcesBuildPhase;
			buildActionMask = 2147483647;
			files = (
				BF79199526FA6BCC00D25E74 /* empresas_iosUITests.swift in Sources */,
			);
			runOnlyForDeploymentPostprocessing = 0;
		};
/* End PBXSourcesBuildPhase section */

/* Begin PBXTargetDependency section */
		BF79198726FA6BCC00D25E74 /* PBXTargetDependency */ = {
			isa = PBXTargetDependency;
			target = BF79196E26FA6BC600D25E74 /* empresas-ios */;
			targetProxy = BF79198626FA6BCC00D25E74 /* PBXContainerItemProxy */;
		};
		BF79199226FA6BCC00D25E74 /* PBXTargetDependency */ = {
			isa = PBXTargetDependency;
			target = BF79196E26FA6BC600D25E74 /* empresas-ios */;
			targetProxy = BF79199126FA6BCC00D25E74 /* PBXContainerItemProxy */;
		};
/* End PBXTargetDependency section */

/* Begin PBXVariantGroup section */
		BF79197D26FA6BCB00D25E74 /* LaunchScreen.storyboard */ = {
			isa = PBXVariantGroup;
			children = (
				BF79197E26FA6BCB00D25E74 /* Base */,
			);
			name = LaunchScreen.storyboard;
			sourceTree = "<group>";
		};
/* End PBXVariantGroup section */

/* Begin XCBuildConfiguration section */
		BF79199726FA6BCC00D25E74 /* Debug */ = {
			isa = XCBuildConfiguration;
			buildSettings = {
				ALWAYS_SEARCH_USER_PATHS = NO;
				CLANG_ANALYZER_NONNULL = YES;
				CLANG_ANALYZER_NUMBER_OBJECT_CONVERSION = YES_AGGRESSIVE;
				CLANG_CXX_LANGUAGE_STANDARD = "gnu++14";
				CLANG_CXX_LIBRARY = "libc++";
				CLANG_ENABLE_MODULES = YES;
				CLANG_ENABLE_OBJC_ARC = YES;
				CLANG_ENABLE_OBJC_WEAK = YES;
				CLANG_WARN_BLOCK_CAPTURE_AUTORELEASING = YES;
				CLANG_WARN_BOOL_CONVERSION = YES;
				CLANG_WARN_COMMA = YES;
				CLANG_WARN_CONSTANT_CONVERSION = YES;
				CLANG_WARN_DEPRECATED_OBJC_IMPLEMENTATIONS = YES;
				CLANG_WARN_DIRECT_OBJC_ISA_USAGE = YES_ERROR;
				CLANG_WARN_DOCUMENTATION_COMMENTS = YES;
				CLANG_WARN_EMPTY_BODY = YES;
				CLANG_WARN_ENUM_CONVERSION = YES;
				CLANG_WARN_INFINITE_RECURSION = YES;
				CLANG_WARN_INT_CONVERSION = YES;
				CLANG_WARN_NON_LITERAL_NULL_CONVERSION = YES;
				CLANG_WARN_OBJC_IMPLICIT_RETAIN_SELF = YES;
				CLANG_WARN_OBJC_LITERAL_CONVERSION = YES;
				CLANG_WARN_OBJC_ROOT_CLASS = YES_ERROR;
				CLANG_WARN_QUOTED_INCLUDE_IN_FRAMEWORK_HEADER = YES;
				CLANG_WARN_RANGE_LOOP_ANALYSIS = YES;
				CLANG_WARN_STRICT_PROTOTYPES = YES;
				CLANG_WARN_SUSPICIOUS_MOVE = YES;
				CLANG_WARN_UNGUARDED_AVAILABILITY = YES_AGGRESSIVE;
				CLANG_WARN_UNREACHABLE_CODE = YES;
				CLANG_WARN__DUPLICATE_METHOD_MATCH = YES;
				COPY_PHASE_STRIP = NO;
				DEBUG_INFORMATION_FORMAT = dwarf;
				ENABLE_STRICT_OBJC_MSGSEND = YES;
				ENABLE_TESTABILITY = YES;
				GCC_C_LANGUAGE_STANDARD = gnu11;
				GCC_DYNAMIC_NO_PIC = NO;
				GCC_NO_COMMON_BLOCKS = YES;
				GCC_OPTIMIZATION_LEVEL = 0;
				GCC_PREPROCESSOR_DEFINITIONS = (
					"DEBUG=1",
					"$(inherited)",
				);
				GCC_WARN_64_TO_32_BIT_CONVERSION = YES;
				GCC_WARN_ABOUT_RETURN_TYPE = YES_ERROR;
				GCC_WARN_UNDECLARED_SELECTOR = YES;
				GCC_WARN_UNINITIALIZED_AUTOS = YES_AGGRESSIVE;
				GCC_WARN_UNUSED_FUNCTION = YES;
				GCC_WARN_UNUSED_VARIABLE = YES;
				IPHONEOS_DEPLOYMENT_TARGET = 14.5;
				MTL_ENABLE_DEBUG_INFO = INCLUDE_SOURCE;
				MTL_FAST_MATH = YES;
				ONLY_ACTIVE_ARCH = YES;
				SDKROOT = iphoneos;
				SWIFT_ACTIVE_COMPILATION_CONDITIONS = DEBUG;
				SWIFT_OPTIMIZATION_LEVEL = "-Onone";
			};
			name = Debug;
		};
		BF79199826FA6BCC00D25E74 /* Release */ = {
			isa = XCBuildConfiguration;
			buildSettings = {
				ALWAYS_SEARCH_USER_PATHS = NO;
				CLANG_ANALYZER_NONNULL = YES;
				CLANG_ANALYZER_NUMBER_OBJECT_CONVERSION = YES_AGGRESSIVE;
				CLANG_CXX_LANGUAGE_STANDARD = "gnu++14";
				CLANG_CXX_LIBRARY = "libc++";
				CLANG_ENABLE_MODULES = YES;
				CLANG_ENABLE_OBJC_ARC = YES;
				CLANG_ENABLE_OBJC_WEAK = YES;
				CLANG_WARN_BLOCK_CAPTURE_AUTORELEASING = YES;
				CLANG_WARN_BOOL_CONVERSION = YES;
				CLANG_WARN_COMMA = YES;
				CLANG_WARN_CONSTANT_CONVERSION = YES;
				CLANG_WARN_DEPRECATED_OBJC_IMPLEMENTATIONS = YES;
				CLANG_WARN_DIRECT_OBJC_ISA_USAGE = YES_ERROR;
				CLANG_WARN_DOCUMENTATION_COMMENTS = YES;
				CLANG_WARN_EMPTY_BODY = YES;
				CLANG_WARN_ENUM_CONVERSION = YES;
				CLANG_WARN_INFINITE_RECURSION = YES;
				CLANG_WARN_INT_CONVERSION = YES;
				CLANG_WARN_NON_LITERAL_NULL_CONVERSION = YES;
				CLANG_WARN_OBJC_IMPLICIT_RETAIN_SELF = YES;
				CLANG_WARN_OBJC_LITERAL_CONVERSION = YES;
				CLANG_WARN_OBJC_ROOT_CLASS = YES_ERROR;
				CLANG_WARN_QUOTED_INCLUDE_IN_FRAMEWORK_HEADER = YES;
				CLANG_WARN_RANGE_LOOP_ANALYSIS = YES;
				CLANG_WARN_STRICT_PROTOTYPES = YES;
				CLANG_WARN_SUSPICIOUS_MOVE = YES;
				CLANG_WARN_UNGUARDED_AVAILABILITY = YES_AGGRESSIVE;
				CLANG_WARN_UNREACHABLE_CODE = YES;
				CLANG_WARN__DUPLICATE_METHOD_MATCH = YES;
				COPY_PHASE_STRIP = NO;
				DEBUG_INFORMATION_FORMAT = "dwarf-with-dsym";
				ENABLE_NS_ASSERTIONS = NO;
				ENABLE_STRICT_OBJC_MSGSEND = YES;
				GCC_C_LANGUAGE_STANDARD = gnu11;
				GCC_NO_COMMON_BLOCKS = YES;
				GCC_WARN_64_TO_32_BIT_CONVERSION = YES;
				GCC_WARN_ABOUT_RETURN_TYPE = YES_ERROR;
				GCC_WARN_UNDECLARED_SELECTOR = YES;
				GCC_WARN_UNINITIALIZED_AUTOS = YES_AGGRESSIVE;
				GCC_WARN_UNUSED_FUNCTION = YES;
				GCC_WARN_UNUSED_VARIABLE = YES;
				IPHONEOS_DEPLOYMENT_TARGET = 14.5;
				MTL_ENABLE_DEBUG_INFO = NO;
				MTL_FAST_MATH = YES;
				SDKROOT = iphoneos;
				SWIFT_COMPILATION_MODE = wholemodule;
				SWIFT_OPTIMIZATION_LEVEL = "-O";
				VALIDATE_PRODUCT = YES;
			};
			name = Release;
		};
		BF79199A26FA6BCC00D25E74 /* Debug */ = {
			isa = XCBuildConfiguration;
			baseConfigurationReference = 68D896692A8A17FB7F745A41 /* Pods-empresas-ios.debug.xcconfig */;
			buildSettings = {
				ASSETCATALOG_COMPILER_APPICON_NAME = AppIcon;
				ASSETCATALOG_COMPILER_GLOBAL_ACCENT_COLOR_NAME = AccentColor;
				CODE_SIGN_STYLE = Automatic;
				DEVELOPMENT_TEAM = 3CV7BCTMKP;
				INFOPLIST_FILE = "empresas-ios/Info.plist";
				LD_RUNPATH_SEARCH_PATHS = (
					"$(inherited)",
					"@executable_path/Frameworks",
				);
				PRODUCT_BUNDLE_IDENTIFIER = "henriquebarbosa.empresas-ios";
				PRODUCT_NAME = "$(TARGET_NAME)";
				SWIFT_VERSION = 5.0;
				TARGETED_DEVICE_FAMILY = 1;
			};
			name = Debug;
		};
		BF79199B26FA6BCC00D25E74 /* Release */ = {
			isa = XCBuildConfiguration;
			baseConfigurationReference = 24B0219CF0E431A6781471DC /* Pods-empresas-ios.release.xcconfig */;
			buildSettings = {
				ASSETCATALOG_COMPILER_APPICON_NAME = AppIcon;
				ASSETCATALOG_COMPILER_GLOBAL_ACCENT_COLOR_NAME = AccentColor;
				CODE_SIGN_STYLE = Automatic;
				DEVELOPMENT_TEAM = 3CV7BCTMKP;
				INFOPLIST_FILE = "empresas-ios/Info.plist";
				LD_RUNPATH_SEARCH_PATHS = (
					"$(inherited)",
					"@executable_path/Frameworks",
				);
				PRODUCT_BUNDLE_IDENTIFIER = "henriquebarbosa.empresas-ios";
				PRODUCT_NAME = "$(TARGET_NAME)";
				SWIFT_VERSION = 5.0;
				TARGETED_DEVICE_FAMILY = 1;
			};
			name = Release;
		};
		BF79199D26FA6BCC00D25E74 /* Debug */ = {
			isa = XCBuildConfiguration;
			baseConfigurationReference = 2BBF443431952563A592D7B9 /* Pods-empresas-iosTests.debug.xcconfig */;
			buildSettings = {
				ALWAYS_EMBED_SWIFT_STANDARD_LIBRARIES = YES;
				BUNDLE_LOADER = "$(TEST_HOST)";
				CODE_SIGN_STYLE = Automatic;
				DEVELOPMENT_TEAM = 3CV7BCTMKP;
				INFOPLIST_FILE = "empresas-iosTests/Info.plist";
				IPHONEOS_DEPLOYMENT_TARGET = 14.5;
				LD_RUNPATH_SEARCH_PATHS = (
					"$(inherited)",
					"@executable_path/Frameworks",
					"@loader_path/Frameworks",
				);
				PRODUCT_BUNDLE_IDENTIFIER = "henriquebarbosa.empresas-iosTests";
				PRODUCT_NAME = "$(TARGET_NAME)";
				SWIFT_VERSION = 5.0;
				TARGETED_DEVICE_FAMILY = "1,2";
				TEST_HOST = "$(BUILT_PRODUCTS_DIR)/empresas-ios.app/empresas-ios";
			};
			name = Debug;
		};
		BF79199E26FA6BCC00D25E74 /* Release */ = {
			isa = XCBuildConfiguration;
			baseConfigurationReference = 5EDE6C883EF4C35F5ED4744A /* Pods-empresas-iosTests.release.xcconfig */;
			buildSettings = {
				ALWAYS_EMBED_SWIFT_STANDARD_LIBRARIES = YES;
				BUNDLE_LOADER = "$(TEST_HOST)";
				CODE_SIGN_STYLE = Automatic;
				DEVELOPMENT_TEAM = 3CV7BCTMKP;
				INFOPLIST_FILE = "empresas-iosTests/Info.plist";
				IPHONEOS_DEPLOYMENT_TARGET = 14.5;
				LD_RUNPATH_SEARCH_PATHS = (
					"$(inherited)",
					"@executable_path/Frameworks",
					"@loader_path/Frameworks",
				);
				PRODUCT_BUNDLE_IDENTIFIER = "henriquebarbosa.empresas-iosTests";
				PRODUCT_NAME = "$(TARGET_NAME)";
				SWIFT_VERSION = 5.0;
				TARGETED_DEVICE_FAMILY = "1,2";
				TEST_HOST = "$(BUILT_PRODUCTS_DIR)/empresas-ios.app/empresas-ios";
			};
			name = Release;
		};
		BF7919A026FA6BCC00D25E74 /* Debug */ = {
			isa = XCBuildConfiguration;
			baseConfigurationReference = 7F2DA8CF439510F0A371BDD0 /* Pods-empresas-ios-empresas-iosUITests.debug.xcconfig */;
			buildSettings = {
				ALWAYS_EMBED_SWIFT_STANDARD_LIBRARIES = YES;
				CODE_SIGN_STYLE = Automatic;
				DEVELOPMENT_TEAM = 3CV7BCTMKP;
				INFOPLIST_FILE = "empresas-iosUITests/Info.plist";
				LD_RUNPATH_SEARCH_PATHS = (
					"$(inherited)",
					"@executable_path/Frameworks",
					"@loader_path/Frameworks",
				);
				PRODUCT_BUNDLE_IDENTIFIER = "henriquebarbosa.empresas-iosUITests";
				PRODUCT_NAME = "$(TARGET_NAME)";
				SWIFT_VERSION = 5.0;
				TARGETED_DEVICE_FAMILY = "1,2";
				TEST_TARGET_NAME = "empresas-ios";
			};
			name = Debug;
		};
		BF7919A126FA6BCC00D25E74 /* Release */ = {
			isa = XCBuildConfiguration;
			baseConfigurationReference = 53902A7A9BDE8DB054D30C29 /* Pods-empresas-ios-empresas-iosUITests.release.xcconfig */;
			buildSettings = {
				ALWAYS_EMBED_SWIFT_STANDARD_LIBRARIES = YES;
				CODE_SIGN_STYLE = Automatic;
				DEVELOPMENT_TEAM = 3CV7BCTMKP;
				INFOPLIST_FILE = "empresas-iosUITests/Info.plist";
				LD_RUNPATH_SEARCH_PATHS = (
					"$(inherited)",
					"@executable_path/Frameworks",
					"@loader_path/Frameworks",
				);
				PRODUCT_BUNDLE_IDENTIFIER = "henriquebarbosa.empresas-iosUITests";
				PRODUCT_NAME = "$(TARGET_NAME)";
				SWIFT_VERSION = 5.0;
				TARGETED_DEVICE_FAMILY = "1,2";
				TEST_TARGET_NAME = "empresas-ios";
			};
			name = Release;
		};
/* End XCBuildConfiguration section */

/* Begin XCConfigurationList section */
		BF79196A26FA6BC600D25E74 /* Build configuration list for PBXProject "empresas-ios" */ = {
			isa = XCConfigurationList;
			buildConfigurations = (
				BF79199726FA6BCC00D25E74 /* Debug */,
				BF79199826FA6BCC00D25E74 /* Release */,
			);
			defaultConfigurationIsVisible = 0;
			defaultConfigurationName = Release;
		};
		BF79199926FA6BCC00D25E74 /* Build configuration list for PBXNativeTarget "empresas-ios" */ = {
			isa = XCConfigurationList;
			buildConfigurations = (
				BF79199A26FA6BCC00D25E74 /* Debug */,
				BF79199B26FA6BCC00D25E74 /* Release */,
			);
			defaultConfigurationIsVisible = 0;
			defaultConfigurationName = Release;
		};
		BF79199C26FA6BCC00D25E74 /* Build configuration list for PBXNativeTarget "empresas-iosTests" */ = {
			isa = XCConfigurationList;
			buildConfigurations = (
				BF79199D26FA6BCC00D25E74 /* Debug */,
				BF79199E26FA6BCC00D25E74 /* Release */,
			);
			defaultConfigurationIsVisible = 0;
			defaultConfigurationName = Release;
		};
		BF79199F26FA6BCC00D25E74 /* Build configuration list for PBXNativeTarget "empresas-iosUITests" */ = {
			isa = XCConfigurationList;
			buildConfigurations = (
				BF7919A026FA6BCC00D25E74 /* Debug */,
				BF7919A126FA6BCC00D25E74 /* Release */,
			);
			defaultConfigurationIsVisible = 0;
			defaultConfigurationName = Release;
		};
/* End XCConfigurationList section */
	};
	rootObject = BF79196726FA6BC600D25E74 /* Project object */;
}
